// !$*UTF8*$!
{
	archiveVersion = 1;
	classes = {
	};
	objectVersion = 46;
	objects = {

/* Begin PBXBuildFile section */
		051FE15E1D7B4A6F00B1C23A /* main.m in Sources */ = {isa = PBXBuildFile; fileRef = 051FE15D1D7B4A6F00B1C23A /* main.m */; };
		051FE1611D7B4A6F00B1C23A /* AppDelegate.m in Sources */ = {isa = PBXBuildFile; fileRef = 051FE1601D7B4A6F00B1C23A /* AppDelegate.m */; };
		051FE1671D7B4A6F00B1C23A /* Main.storyboard in Resources */ = {isa = PBXBuildFile; fileRef = 051FE1651D7B4A6F00B1C23A /* Main.storyboard */; };
		051FE1691D7B4A6F00B1C23A /* Assets.xcassets in Resources */ = {isa = PBXBuildFile; fileRef = 051FE1681D7B4A6F00B1C23A /* Assets.xcassets */; };
		051FE16C1D7B4A6F00B1C23A /* LaunchScreen.storyboard in Resources */ = {isa = PBXBuildFile; fileRef = 051FE16A1D7B4A6F00B1C23A /* LaunchScreen.storyboard */; };
		051FE1771D7B4A7000B1C23A /* RedditWallPaperTests.m in Sources */ = {isa = PBXBuildFile; fileRef = 051FE1761D7B4A7000B1C23A /* RedditWallPaperTests.m */; };
		051FE1821D7B4A7000B1C23A /* RedditWallPaperUITests.m in Sources */ = {isa = PBXBuildFile; fileRef = 051FE1811D7B4A7000B1C23A /* RedditWallPaperUITests.m */; };
		051FE19B1D7B4E7000B1C23A /* RWImageSet.m in Sources */ = {isa = PBXBuildFile; fileRef = 051FE19A1D7B4E7000B1C23A /* RWImageSet.m */; };
		051FE19E1D7B4EAC00B1C23A /* RWImageDetail.m in Sources */ = {isa = PBXBuildFile; fileRef = 051FE19D1D7B4EAC00B1C23A /* RWImageDetail.m */; };
		051FE1A11D7B50DE00B1C23A /* RWBusinessLayer.m in Sources */ = {isa = PBXBuildFile; fileRef = 051FE1A01D7B50DE00B1C23A /* RWBusinessLayer.m */; };
		051FE1AB1D7B7B6100B1C23A /* RWViewController.m in Sources */ = {isa = PBXBuildFile; fileRef = 051FE1A91D7B7B6100B1C23A /* RWViewController.m */; };
		051FE1AC1D7B7B6100B1C23A /* RWViewController.xib in Resources */ = {isa = PBXBuildFile; fileRef = 051FE1AA1D7B7B6100B1C23A /* RWViewController.xib */; };
		051FE1B11D7C82AA00B1C23A /* RWCollectionViewCell.m in Sources */ = {isa = PBXBuildFile; fileRef = 051FE1AF1D7C82AA00B1C23A /* RWCollectionViewCell.m */; };
		051FE1B21D7C82AA00B1C23A /* RWCollectionViewCell.xib in Resources */ = {isa = PBXBuildFile; fileRef = 051FE1B01D7C82AA00B1C23A /* RWCollectionViewCell.xib */; };
		051FE1B61D7CBDEC00B1C23A /* RWImageViewController.m in Sources */ = {isa = PBXBuildFile; fileRef = 051FE1B41D7CBDEC00B1C23A /* RWImageViewController.m */; };
		051FE1B71D7CBDEC00B1C23A /* RWImageViewController.xib in Resources */ = {isa = PBXBuildFile; fileRef = 051FE1B51D7CBDEC00B1C23A /* RWImageViewController.xib */; };
		051FE1BB1D7CC68F00B1C23A /* square-rounded-512.png in Resources */ = {isa = PBXBuildFile; fileRef = 051FE1B91D7CC68F00B1C23A /* square-rounded-512.png */; };
		051FE1BC1D7CC68F00B1C23A /* square-rounded-512Pink.png in Resources */ = {isa = PBXBuildFile; fileRef = 051FE1BA1D7CC68F00B1C23A /* square-rounded-512Pink.png */; };
		052B3C031D835A29007B1BEC /* Reachability.m in Sources */ = {isa = PBXBuildFile; fileRef = 052B3C021D835A29007B1BEC /* Reachability.m */; };
		052B3C051D836208007B1BEC /* SystemConfiguration.framework in Frameworks */ = {isa = PBXBuildFile; fileRef = 052B3C041D836208007B1BEC /* SystemConfiguration.framework */; };
		05FFE8631D7D3E4800D15A1D /* dM1qs.png in Resources */ = {isa = PBXBuildFile; fileRef = 05FFE8601D7D3E4800D15A1D /* dM1qs.png */; };
		05FFE8641D7D3E4800D15A1D /* heart.png in Resources */ = {isa = PBXBuildFile; fileRef = 05FFE8611D7D3E4800D15A1D /* heart.png */; };
		05FFE8651D7D3E4800D15A1D /* star-128.png in Resources */ = {isa = PBXBuildFile; fileRef = 05FFE8621D7D3E4800D15A1D /* star-128.png */; };
/* End PBXBuildFile section */

/* Begin PBXContainerItemProxy section */
		051FE1731D7B4A7000B1C23A /* PBXContainerItemProxy */ = {
			isa = PBXContainerItemProxy;
			containerPortal = 051FE1511D7B4A6F00B1C23A /* Project object */;
			proxyType = 1;
			remoteGlobalIDString = 051FE1581D7B4A6F00B1C23A;
			remoteInfo = RedditWallPaper;
		};
		051FE17E1D7B4A7000B1C23A /* PBXContainerItemProxy */ = {
			isa = PBXContainerItemProxy;
			containerPortal = 051FE1511D7B4A6F00B1C23A /* Project object */;
			proxyType = 1;
			remoteGlobalIDString = 051FE1581D7B4A6F00B1C23A;
			remoteInfo = RedditWallPaper;
		};
/* End PBXContainerItemProxy section */

/* Begin PBXFileReference section */
		051FE1591D7B4A6F00B1C23A /* RedditWallPaper.app */ = {isa = PBXFileReference; explicitFileType = wrapper.application; includeInIndex = 0; path = RedditWallPaper.app; sourceTree = BUILT_PRODUCTS_DIR; };
		051FE15D1D7B4A6F00B1C23A /* main.m */ = {isa = PBXFileReference; lastKnownFileType = sourcecode.c.objc; path = main.m; sourceTree = "<group>"; };
		051FE15F1D7B4A6F00B1C23A /* AppDelegate.h */ = {isa = PBXFileReference; lastKnownFileType = sourcecode.c.h; path = AppDelegate.h; sourceTree = "<group>"; };
		051FE1601D7B4A6F00B1C23A /* AppDelegate.m */ = {isa = PBXFileReference; lastKnownFileType = sourcecode.c.objc; path = AppDelegate.m; sourceTree = "<group>"; };
		051FE1661D7B4A6F00B1C23A /* Base */ = {isa = PBXFileReference; lastKnownFileType = file.storyboard; name = Base; path = Base.lproj/Main.storyboard; sourceTree = "<group>"; };
		051FE1681D7B4A6F00B1C23A /* Assets.xcassets */ = {isa = PBXFileReference; lastKnownFileType = folder.assetcatalog; path = Assets.xcassets; sourceTree = "<group>"; };
		051FE16B1D7B4A6F00B1C23A /* Base */ = {isa = PBXFileReference; lastKnownFileType = file.storyboard; name = Base; path = Base.lproj/LaunchScreen.storyboard; sourceTree = "<group>"; };
		051FE16D1D7B4A6F00B1C23A /* Info.plist */ = {isa = PBXFileReference; lastKnownFileType = text.plist.xml; path = Info.plist; sourceTree = "<group>"; };
		051FE1721D7B4A7000B1C23A /* RedditWallPaperTests.xctest */ = {isa = PBXFileReference; explicitFileType = wrapper.cfbundle; includeInIndex = 0; path = RedditWallPaperTests.xctest; sourceTree = BUILT_PRODUCTS_DIR; };
		051FE1761D7B4A7000B1C23A /* RedditWallPaperTests.m */ = {isa = PBXFileReference; lastKnownFileType = sourcecode.c.objc; path = RedditWallPaperTests.m; sourceTree = "<group>"; };
		051FE1781D7B4A7000B1C23A /* Info.plist */ = {isa = PBXFileReference; lastKnownFileType = text.plist.xml; path = Info.plist; sourceTree = "<group>"; };
		051FE17D1D7B4A7000B1C23A /* RedditWallPaperUITests.xctest */ = {isa = PBXFileReference; explicitFileType = wrapper.cfbundle; includeInIndex = 0; path = RedditWallPaperUITests.xctest; sourceTree = BUILT_PRODUCTS_DIR; };
		051FE1811D7B4A7000B1C23A /* RedditWallPaperUITests.m */ = {isa = PBXFileReference; lastKnownFileType = sourcecode.c.objc; path = RedditWallPaperUITests.m; sourceTree = "<group>"; };
		051FE1831D7B4A7000B1C23A /* Info.plist */ = {isa = PBXFileReference; lastKnownFileType = text.plist.xml; path = Info.plist; sourceTree = "<group>"; };
		051FE1991D7B4E7000B1C23A /* RWImageSet.h */ = {isa = PBXFileReference; fileEncoding = 4; lastKnownFileType = sourcecode.c.h; name = RWImageSet.h; path = Model/RWImageSet.h; sourceTree = "<group>"; };
		051FE19A1D7B4E7000B1C23A /* RWImageSet.m */ = {isa = PBXFileReference; fileEncoding = 4; lastKnownFileType = sourcecode.c.objc; name = RWImageSet.m; path = Model/RWImageSet.m; sourceTree = "<group>"; };
		051FE19C1D7B4EAC00B1C23A /* RWImageDetail.h */ = {isa = PBXFileReference; fileEncoding = 4; lastKnownFileType = sourcecode.c.h; name = RWImageDetail.h; path = Model/RWImageDetail.h; sourceTree = "<group>"; };
		051FE19D1D7B4EAC00B1C23A /* RWImageDetail.m */ = {isa = PBXFileReference; fileEncoding = 4; lastKnownFileType = sourcecode.c.objc; name = RWImageDetail.m; path = Model/RWImageDetail.m; sourceTree = "<group>"; };
		051FE19F1D7B50DE00B1C23A /* RWBusinessLayer.h */ = {isa = PBXFileReference; fileEncoding = 4; lastKnownFileType = sourcecode.c.h; name = RWBusinessLayer.h; path = BusinessLayer/RWBusinessLayer.h; sourceTree = "<group>"; };
		051FE1A01D7B50DE00B1C23A /* RWBusinessLayer.m */ = {isa = PBXFileReference; fileEncoding = 4; lastKnownFileType = sourcecode.c.objc; name = RWBusinessLayer.m; path = BusinessLayer/RWBusinessLayer.m; sourceTree = "<group>"; };
		051FE1A81D7B7B6100B1C23A /* RWViewController.h */ = {isa = PBXFileReference; fileEncoding = 4; lastKnownFileType = sourcecode.c.h; name = RWViewController.h; path = ViewController/RWViewController.h; sourceTree = "<group>"; };
		051FE1A91D7B7B6100B1C23A /* RWViewController.m */ = {isa = PBXFileReference; fileEncoding = 4; lastKnownFileType = sourcecode.c.objc; name = RWViewController.m; path = ViewController/RWViewController.m; sourceTree = "<group>"; };
		051FE1AA1D7B7B6100B1C23A /* RWViewController.xib */ = {isa = PBXFileReference; fileEncoding = 4; lastKnownFileType = file.xib; name = RWViewController.xib; path = ViewController/RWViewController.xib; sourceTree = "<group>"; };
		051FE1AE1D7C82AA00B1C23A /* RWCollectionViewCell.h */ = {isa = PBXFileReference; fileEncoding = 4; lastKnownFileType = sourcecode.c.h; name = RWCollectionViewCell.h; path = View/RWCollectionViewCell.h; sourceTree = "<group>"; };
		051FE1AF1D7C82AA00B1C23A /* RWCollectionViewCell.m */ = {isa = PBXFileReference; fileEncoding = 4; lastKnownFileType = sourcecode.c.objc; name = RWCollectionViewCell.m; path = View/RWCollectionViewCell.m; sourceTree = "<group>"; };
		051FE1B01D7C82AA00B1C23A /* RWCollectionViewCell.xib */ = {isa = PBXFileReference; fileEncoding = 4; lastKnownFileType = file.xib; name = RWCollectionViewCell.xib; path = View/RWCollectionViewCell.xib; sourceTree = "<group>"; };
		051FE1B31D7CBDEC00B1C23A /* RWImageViewController.h */ = {isa = PBXFileReference; fileEncoding = 4; lastKnownFileType = sourcecode.c.h; name = RWImageViewController.h; path = ViewController/RWImageViewController.h; sourceTree = "<group>"; };
		051FE1B41D7CBDEC00B1C23A /* RWImageViewController.m */ = {isa = PBXFileReference; fileEncoding = 4; lastKnownFileType = sourcecode.c.objc; name = RWImageViewController.m; path = ViewController/RWImageViewController.m; sourceTree = "<group>"; };
		051FE1B51D7CBDEC00B1C23A /* RWImageViewController.xib */ = {isa = PBXFileReference; fileEncoding = 4; lastKnownFileType = file.xib; name = RWImageViewController.xib; path = ViewController/RWImageViewController.xib; sourceTree = "<group>"; };
		051FE1B91D7CC68F00B1C23A /* square-rounded-512.png */ = {isa = PBXFileReference; lastKnownFileType = image.png; name = "square-rounded-512.png"; path = "Assets/square-rounded-512.png"; sourceTree = "<group>"; };
		051FE1BA1D7CC68F00B1C23A /* square-rounded-512Pink.png */ = {isa = PBXFileReference; lastKnownFileType = image.png; name = "square-rounded-512Pink.png"; path = "Assets/square-rounded-512Pink.png"; sourceTree = "<group>"; };
		052B3C011D835A29007B1BEC /* Reachability.h */ = {isa = PBXFileReference; fileEncoding = 4; lastKnownFileType = sourcecode.c.h; name = Reachability.h; path = Reachability/Reachability.h; sourceTree = "<group>"; };
		052B3C021D835A29007B1BEC /* Reachability.m */ = {isa = PBXFileReference; fileEncoding = 4; lastKnownFileType = sourcecode.c.objc; name = Reachability.m; path = Reachability/Reachability.m; sourceTree = "<group>"; };
		052B3C041D836208007B1BEC /* SystemConfiguration.framework */ = {isa = PBXFileReference; lastKnownFileType = wrapper.framework; name = SystemConfiguration.framework; path = System/Library/Frameworks/SystemConfiguration.framework; sourceTree = SDKROOT; };
		05FFE8601D7D3E4800D15A1D /* dM1qs.png */ = {isa = PBXFileReference; lastKnownFileType = image.png; name = dM1qs.png; path = Assets/dM1qs.png; sourceTree = "<group>"; };
		05FFE8611D7D3E4800D15A1D /* heart.png */ = {isa = PBXFileReference; lastKnownFileType = image.png; name = heart.png; path = Assets/heart.png; sourceTree = "<group>"; };
		05FFE8621D7D3E4800D15A1D /* star-128.png */ = {isa = PBXFileReference; lastKnownFileType = image.png; name = "star-128.png"; path = "Assets/star-128.png"; sourceTree = "<group>"; };
/* End PBXFileReference section */

/* Begin PBXFrameworksBuildPhase section */
		051FE1561D7B4A6F00B1C23A /* Frameworks */ = {
			isa = PBXFrameworksBuildPhase;
			buildActionMask = 2147483647;
			files = (
				052B3C051D836208007B1BEC /* SystemConfiguration.framework in Frameworks */,
			);
			runOnlyForDeploymentPostprocessing = 0;
		};
		051FE16F1D7B4A7000B1C23A /* Frameworks */ = {
			isa = PBXFrameworksBuildPhase;
			buildActionMask = 2147483647;
			files = (
			);
			runOnlyForDeploymentPostprocessing = 0;
		};
		051FE17A1D7B4A7000B1C23A /* Frameworks */ = {
			isa = PBXFrameworksBuildPhase;
			buildActionMask = 2147483647;
			files = (
			);
			runOnlyForDeploymentPostprocessing = 0;
		};
/* End PBXFrameworksBuildPhase section */

/* Begin PBXGroup section */
		051FE1501D7B4A6F00B1C23A = {
			isa = PBXGroup;
			children = (
				052B3C041D836208007B1BEC /* SystemConfiguration.framework */,
				051FE1901D7B4ACA00B1C23A /* New Group */,
				051FE1751D7B4A7000B1C23A /* RedditWallPaperTests */,
				051FE1801D7B4A7000B1C23A /* RedditWallPaperUITests */,
				051FE15A1D7B4A6F00B1C23A /* Products */,
			);
			sourceTree = "<group>";
		};
		051FE15A1D7B4A6F00B1C23A /* Products */ = {
			isa = PBXGroup;
			children = (
				051FE1591D7B4A6F00B1C23A /* RedditWallPaper.app */,
				051FE1721D7B4A7000B1C23A /* RedditWallPaperTests.xctest */,
				051FE17D1D7B4A7000B1C23A /* RedditWallPaperUITests.xctest */,
			);
			name = Products;
			sourceTree = "<group>";
		};
		051FE15B1D7B4A6F00B1C23A /* RedditWallPaper */ = {
			isa = PBXGroup;
			children = (
				052B3C001D8359F9007B1BEC /* Reachability */,
				051FE1B81D7CC65B00B1C23A /* Assets */,
				051FE1AD1D7C827500B1C23A /* View */,
				051FE1931D7B4BF200B1C23A /* ViewController */,
				051FE1921D7B4B8B00B1C23A /* BusinessLayer */,
				051FE1911D7B4B8300B1C23A /* Model */,
				051FE15F1D7B4A6F00B1C23A /* AppDelegate.h */,
				051FE1601D7B4A6F00B1C23A /* AppDelegate.m */,
				051FE1651D7B4A6F00B1C23A /* Main.storyboard */,
				051FE1681D7B4A6F00B1C23A /* Assets.xcassets */,
				051FE16A1D7B4A6F00B1C23A /* LaunchScreen.storyboard */,
				051FE16D1D7B4A6F00B1C23A /* Info.plist */,
				051FE15C1D7B4A6F00B1C23A /* Supporting Files */,
			);
			path = RedditWallPaper;
			sourceTree = "<group>";
		};
		051FE15C1D7B4A6F00B1C23A /* Supporting Files */ = {
			isa = PBXGroup;
			children = (
				051FE15D1D7B4A6F00B1C23A /* main.m */,
			);
			name = "Supporting Files";
			sourceTree = "<group>";
		};
		051FE1751D7B4A7000B1C23A /* RedditWallPaperTests */ = {
			isa = PBXGroup;
			children = (
				051FE1761D7B4A7000B1C23A /* RedditWallPaperTests.m */,
				051FE1781D7B4A7000B1C23A /* Info.plist */,
			);
			path = RedditWallPaperTests;
			sourceTree = "<group>";
		};
		051FE1801D7B4A7000B1C23A /* RedditWallPaperUITests */ = {
			isa = PBXGroup;
			children = (
				051FE1811D7B4A7000B1C23A /* RedditWallPaperUITests.m */,
				051FE1831D7B4A7000B1C23A /* Info.plist */,
			);
			path = RedditWallPaperUITests;
			sourceTree = "<group>";
		};
		051FE1901D7B4ACA00B1C23A /* New Group */ = {
			isa = PBXGroup;
			children = (
				051FE15B1D7B4A6F00B1C23A /* RedditWallPaper */,
			);
			name = "New Group";
			sourceTree = "<group>";
		};
		051FE1911D7B4B8300B1C23A /* Model */ = {
			isa = PBXGroup;
			children = (
				051FE1991D7B4E7000B1C23A /* RWImageSet.h */,
				051FE19A1D7B4E7000B1C23A /* RWImageSet.m */,
				051FE19C1D7B4EAC00B1C23A /* RWImageDetail.h */,
				051FE19D1D7B4EAC00B1C23A /* RWImageDetail.m */,
			);
			name = Model;
			sourceTree = "<group>";
		};
		051FE1921D7B4B8B00B1C23A /* BusinessLayer */ = {
			isa = PBXGroup;
			children = (
				051FE19F1D7B50DE00B1C23A /* RWBusinessLayer.h */,
				051FE1A01D7B50DE00B1C23A /* RWBusinessLayer.m */,
			);
			name = BusinessLayer;
			sourceTree = "<group>";
		};
		051FE1931D7B4BF200B1C23A /* ViewController */ = {
			isa = PBXGroup;
			children = (
				051FE1A81D7B7B6100B1C23A /* RWViewController.h */,
				051FE1A91D7B7B6100B1C23A /* RWViewController.m */,
				051FE1AA1D7B7B6100B1C23A /* RWViewController.xib */,
				051FE1B31D7CBDEC00B1C23A /* RWImageViewController.h */,
				051FE1B41D7CBDEC00B1C23A /* RWImageViewController.m */,
				051FE1B51D7CBDEC00B1C23A /* RWImageViewController.xib */,
			);
			name = ViewController;
			sourceTree = "<group>";
		};
		051FE1AD1D7C827500B1C23A /* View */ = {
			isa = PBXGroup;
			children = (
				051FE1AE1D7C82AA00B1C23A /* RWCollectionViewCell.h */,
				051FE1AF1D7C82AA00B1C23A /* RWCollectionViewCell.m */,
				051FE1B01D7C82AA00B1C23A /* RWCollectionViewCell.xib */,
			);
			name = View;
			sourceTree = "<group>";
		};
		051FE1B81D7CC65B00B1C23A /* Assets */ = {
			isa = PBXGroup;
			children = (
				05FFE8601D7D3E4800D15A1D /* dM1qs.png */,
				05FFE8611D7D3E4800D15A1D /* heart.png */,
				05FFE8621D7D3E4800D15A1D /* star-128.png */,
				051FE1B91D7CC68F00B1C23A /* square-rounded-512.png */,
				051FE1BA1D7CC68F00B1C23A /* square-rounded-512Pink.png */,
			);
			name = Assets;
			sourceTree = "<group>";
		};
		052B3C001D8359F9007B1BEC /* Reachability */ = {
			isa = PBXGroup;
			children = (
				052B3C011D835A29007B1BEC /* Reachability.h */,
				052B3C021D835A29007B1BEC /* Reachability.m */,
			);
			name = Reachability;
			sourceTree = "<group>";
		};
/* End PBXGroup section */

/* Begin PBXNativeTarget section */
		051FE1581D7B4A6F00B1C23A /* RedditWallPaper */ = {
			isa = PBXNativeTarget;
			buildConfigurationList = 051FE1861D7B4A7000B1C23A /* Build configuration list for PBXNativeTarget "RedditWallPaper" */;
			buildPhases = (
				051FE1551D7B4A6F00B1C23A /* Sources */,
				051FE1561D7B4A6F00B1C23A /* Frameworks */,
				051FE1571D7B4A6F00B1C23A /* Resources */,
			);
			buildRules = (
			);
			dependencies = (
			);
			name = RedditWallPaper;
			productName = RedditWallPaper;
			productReference = 051FE1591D7B4A6F00B1C23A /* RedditWallPaper.app */;
			productType = "com.apple.product-type.application";
		};
		051FE1711D7B4A7000B1C23A /* RedditWallPaperTests */ = {
			isa = PBXNativeTarget;
			buildConfigurationList = 051FE1891D7B4A7000B1C23A /* Build configuration list for PBXNativeTarget "RedditWallPaperTests" */;
			buildPhases = (
				051FE16E1D7B4A7000B1C23A /* Sources */,
				051FE16F1D7B4A7000B1C23A /* Frameworks */,
				051FE1701D7B4A7000B1C23A /* Resources */,
			);
			buildRules = (
			);
			dependencies = (
				051FE1741D7B4A7000B1C23A /* PBXTargetDependency */,
			);
			name = RedditWallPaperTests;
			productName = RedditWallPaperTests;
			productReference = 051FE1721D7B4A7000B1C23A /* RedditWallPaperTests.xctest */;
			productType = "com.apple.product-type.bundle.unit-test";
		};
		051FE17C1D7B4A7000B1C23A /* RedditWallPaperUITests */ = {
			isa = PBXNativeTarget;
			buildConfigurationList = 051FE18C1D7B4A7000B1C23A /* Build configuration list for PBXNativeTarget "RedditWallPaperUITests" */;
			buildPhases = (
				051FE1791D7B4A7000B1C23A /* Sources */,
				051FE17A1D7B4A7000B1C23A /* Frameworks */,
				051FE17B1D7B4A7000B1C23A /* Resources */,
			);
			buildRules = (
			);
			dependencies = (
				051FE17F1D7B4A7000B1C23A /* PBXTargetDependency */,
			);
			name = RedditWallPaperUITests;
			productName = RedditWallPaperUITests;
			productReference = 051FE17D1D7B4A7000B1C23A /* RedditWallPaperUITests.xctest */;
			productType = "com.apple.product-type.bundle.ui-testing";
		};
/* End PBXNativeTarget section */

/* Begin PBXProject section */
		051FE1511D7B4A6F00B1C23A /* Project object */ = {
			isa = PBXProject;
			attributes = {
				LastUpgradeCheck = 0730;
				ORGANIZATIONNAME = "Lakshminarayana B R";
				TargetAttributes = {
					051FE1581D7B4A6F00B1C23A = {
						CreatedOnToolsVersion = 7.3.1;
					};
					051FE1711D7B4A7000B1C23A = {
						CreatedOnToolsVersion = 7.3.1;
						TestTargetID = 051FE1581D7B4A6F00B1C23A;
					};
					051FE17C1D7B4A7000B1C23A = {
						CreatedOnToolsVersion = 7.3.1;
						TestTargetID = 051FE1581D7B4A6F00B1C23A;
					};
				};
			};
			buildConfigurationList = 051FE1541D7B4A6F00B1C23A /* Build configuration list for PBXProject "RedditWallPaper" */;
			compatibilityVersion = "Xcode 3.2";
			developmentRegion = English;
			hasScannedForEncodings = 0;
			knownRegions = (
				en,
				Base,
			);
			mainGroup = 051FE1501D7B4A6F00B1C23A;
			productRefGroup = 051FE15A1D7B4A6F00B1C23A /* Products */;
			projectDirPath = "";
			projectRoot = "";
			targets = (
				051FE1581D7B4A6F00B1C23A /* RedditWallPaper */,
				051FE1711D7B4A7000B1C23A /* RedditWallPaperTests */,
				051FE17C1D7B4A7000B1C23A /* RedditWallPaperUITests */,
			);
		};
/* End PBXProject section */

/* Begin PBXResourcesBuildPhase section */
		051FE1571D7B4A6F00B1C23A /* Resources */ = {
			isa = PBXResourcesBuildPhase;
			buildActionMask = 2147483647;
			files = (
				051FE16C1D7B4A6F00B1C23A /* LaunchScreen.storyboard in Resources */,
				051FE1B71D7CBDEC00B1C23A /* RWImageViewController.xib in Resources */,
				05FFE8641D7D3E4800D15A1D /* heart.png in Resources */,
				051FE1AC1D7B7B6100B1C23A /* RWViewController.xib in Resources */,
				051FE1BC1D7CC68F00B1C23A /* square-rounded-512Pink.png in Resources */,
				05FFE8651D7D3E4800D15A1D /* star-128.png in Resources */,
				051FE1691D7B4A6F00B1C23A /* Assets.xcassets in Resources */,
				05FFE8631D7D3E4800D15A1D /* dM1qs.png in Resources */,
				051FE1BB1D7CC68F00B1C23A /* square-rounded-512.png in Resources */,
				051FE1B21D7C82AA00B1C23A /* RWCollectionViewCell.xib in Resources */,
				051FE1671D7B4A6F00B1C23A /* Main.storyboard in Resources */,
			);
			runOnlyForDeploymentPostprocessing = 0;
		};
		051FE1701D7B4A7000B1C23A /* Resources */ = {
			isa = PBXResourcesBuildPhase;
			buildActionMask = 2147483647;
			files = (
			);
			runOnlyForDeploymentPostprocessing = 0;
		};
		051FE17B1D7B4A7000B1C23A /* Resources */ = {
			isa = PBXResourcesBuildPhase;
			buildActionMask = 2147483647;
			files = (
			);
			runOnlyForDeploymentPostprocessing = 0;
		};
/* End PBXResourcesBuildPhase section */

/* Begin PBXSourcesBuildPhase section */
		051FE1551D7B4A6F00B1C23A /* Sources */ = {
			isa = PBXSourcesBuildPhase;
			buildActionMask = 2147483647;
			files = (
				051FE1B11D7C82AA00B1C23A /* RWCollectionViewCell.m in Sources */,
				051FE1611D7B4A6F00B1C23A /* AppDelegate.m in Sources */,
				051FE1AB1D7B7B6100B1C23A /* RWViewController.m in Sources */,
				051FE1A11D7B50DE00B1C23A /* RWBusinessLayer.m in Sources */,
				051FE15E1D7B4A6F00B1C23A /* main.m in Sources */,
				051FE1B61D7CBDEC00B1C23A /* RWImageViewController.m in Sources */,
				051FE19B1D7B4E7000B1C23A /* RWImageSet.m in Sources */,
				052B3C031D835A29007B1BEC /* Reachability.m in Sources */,
				051FE19E1D7B4EAC00B1C23A /* RWImageDetail.m in Sources */,
			);
			runOnlyForDeploymentPostprocessing = 0;
		};
		051FE16E1D7B4A7000B1C23A /* Sources */ = {
			isa = PBXSourcesBuildPhase;
			buildActionMask = 2147483647;
			files = (
				051FE1771D7B4A7000B1C23A /* RedditWallPaperTests.m in Sources */,
			);
			runOnlyForDeploymentPostprocessing = 0;
		};
		051FE1791D7B4A7000B1C23A /* Sources */ = {
			isa = PBXSourcesBuildPhase;
			buildActionMask = 2147483647;
			files = (
				051FE1821D7B4A7000B1C23A /* RedditWallPaperUITests.m in Sources */,
			);
			runOnlyForDeploymentPostprocessing = 0;
		};
/* End PBXSourcesBuildPhase section */

/* Begin PBXTargetDependency section */
		051FE1741D7B4A7000B1C23A /* PBXTargetDependency */ = {
			isa = PBXTargetDependency;
			target = 051FE1581D7B4A6F00B1C23A /* RedditWallPaper */;
			targetProxy = 051FE1731D7B4A7000B1C23A /* PBXContainerItemProxy */;
		};
		051FE17F1D7B4A7000B1C23A /* PBXTargetDependency */ = {
			isa = PBXTargetDependency;
			target = 051FE1581D7B4A6F00B1C23A /* RedditWallPaper */;
			targetProxy = 051FE17E1D7B4A7000B1C23A /* PBXContainerItemProxy */;
		};
/* End PBXTargetDependency section */

/* Begin PBXVariantGroup section */
		051FE1651D7B4A6F00B1C23A /* Main.storyboard */ = {
			isa = PBXVariantGroup;
			children = (
				051FE1661D7B4A6F00B1C23A /* Base */,
			);
			name = Main.storyboard;
			sourceTree = "<group>";
		};
		051FE16A1D7B4A6F00B1C23A /* LaunchScreen.storyboard */ = {
			isa = PBXVariantGroup;
			children = (
				051FE16B1D7B4A6F00B1C23A /* Base */,
			);
			name = LaunchScreen.storyboard;
			sourceTree = "<group>";
		};
/* End PBXVariantGroup section */

/* Begin XCBuildConfiguration section */
		051FE1841D7B4A7000B1C23A /* Debug */ = {
			isa = XCBuildConfiguration;
			buildSettings = {
				ALWAYS_SEARCH_USER_PATHS = NO;
				CLANG_ANALYZER_NONNULL = YES;
				CLANG_CXX_LANGUAGE_STANDARD = "gnu++0x";
				CLANG_CXX_LIBRARY = "libc++";
				CLANG_ENABLE_MODULES = YES;
				CLANG_ENABLE_OBJC_ARC = YES;
				CLANG_WARN_BOOL_CONVERSION = YES;
				CLANG_WARN_CONSTANT_CONVERSION = YES;
				CLANG_WARN_DIRECT_OBJC_ISA_USAGE = YES_ERROR;
				CLANG_WARN_EMPTY_BODY = YES;
				CLANG_WARN_ENUM_CONVERSION = YES;
				CLANG_WARN_INT_CONVERSION = YES;
				CLANG_WARN_OBJC_ROOT_CLASS = YES_ERROR;
				CLANG_WARN_UNREACHABLE_CODE = YES;
				CLANG_WARN__DUPLICATE_METHOD_MATCH = YES;
				"CODE_SIGN_IDENTITY[sdk=iphoneos*]" = "iPhone Developer";
				COPY_PHASE_STRIP = NO;
				DEBUG_INFORMATION_FORMAT = dwarf;
				ENABLE_STRICT_OBJC_MSGSEND = YES;
				ENABLE_TESTABILITY = YES;
				GCC_C_LANGUAGE_STANDARD = gnu99;
				GCC_DYNAMIC_NO_PIC = NO;
				GCC_NO_COMMON_BLOCKS = YES;
				GCC_OPTIMIZATION_LEVEL = 0;
				GCC_PREPROCESSOR_DEFINITIONS = (
					"DEBUG=1",
					"$(inherited)",
				);
				GCC_WARN_64_TO_32_BIT_CONVERSION = YES;
				GCC_WARN_ABOUT_RETURN_TYPE = YES_ERROR;
				GCC_WARN_UNDECLARED_SELECTOR = YES;
				GCC_WARN_UNINITIALIZED_AUTOS = YES_AGGRESSIVE;
				GCC_WARN_UNUSED_FUNCTION = YES;
				GCC_WARN_UNUSED_VARIABLE = YES;
				IPHONEOS_DEPLOYMENT_TARGET = 9.3;
				MTL_ENABLE_DEBUG_INFO = YES;
				ONLY_ACTIVE_ARCH = YES;
				SDKROOT = iphoneos;
				TARGETED_DEVICE_FAMILY = "1,2";
			};
			name = Debug;
		};
		051FE1851D7B4A7000B1C23A /* Release */ = {
			isa = XCBuildConfiguration;
			buildSettings = {
				ALWAYS_SEARCH_USER_PATHS = NO;
				CLANG_ANALYZER_NONNULL = YES;
				CLANG_CXX_LANGUAGE_STANDARD = "gnu++0x";
				CLANG_CXX_LIBRARY = "libc++";
				CLANG_ENABLE_MODULES = YES;
				CLANG_ENABLE_OBJC_ARC = YES;
				CLANG_WARN_BOOL_CONVERSION = YES;
				CLANG_WARN_CONSTANT_CONVERSION = YES;
				CLANG_WARN_DIRECT_OBJC_ISA_USAGE = YES_ERROR;
				CLANG_WARN_EMPTY_BODY = YES;
				CLANG_WARN_ENUM_CONVERSION = YES;
				CLANG_WARN_INT_CONVERSION = YES;
				CLANG_WARN_OBJC_ROOT_CLASS = YES_ERROR;
				CLANG_WARN_UNREACHABLE_CODE = YES;
				CLANG_WARN__DUPLICATE_METHOD_MATCH = YES;
				"CODE_SIGN_IDENTITY[sdk=iphoneos*]" = "iPhone Developer";
				COPY_PHASE_STRIP = NO;
				DEBUG_INFORMATION_FORMAT = "dwarf-with-dsym";
				ENABLE_NS_ASSERTIONS = NO;
				ENABLE_STRICT_OBJC_MSGSEND = YES;
				GCC_C_LANGUAGE_STANDARD = gnu99;
				GCC_NO_COMMON_BLOCKS = YES;
				GCC_WARN_64_TO_32_BIT_CONVERSION = YES;
				GCC_WARN_ABOUT_RETURN_TYPE = YES_ERROR;
				GCC_WARN_UNDECLARED_SELECTOR = YES;
				GCC_WARN_UNINITIALIZED_AUTOS = YES_AGGRESSIVE;
				GCC_WARN_UNUSED_FUNCTION = YES;
				GCC_WARN_UNUSED_VARIABLE = YES;
				IPHONEOS_DEPLOYMENT_TARGET = 9.3;
				MTL_ENABLE_DEBUG_INFO = NO;
				SDKROOT = iphoneos;
				TARGETED_DEVICE_FAMILY = "1,2";
				VALIDATE_PRODUCT = YES;
			};
			name = Release;
		};
		051FE1871D7B4A7000B1C23A /* Debug */ = {
			isa = XCBuildConfiguration;
			buildSettings = {
				ASSETCATALOG_COMPILER_APPICON_NAME = AppIcon;
				INFOPLIST_FILE = RedditWallPaper/Info.plist;
				LD_RUNPATH_SEARCH_PATHS = "$(inherited) @executable_path/Frameworks";
				PRODUCT_BUNDLE_IDENTIFIER = com.ln.RedditWallPaper;
				PRODUCT_NAME = "$(TARGET_NAME)";
			};
			name = Debug;
		};
		051FE1881D7B4A7000B1C23A /* Release */ = {
			isa = XCBuildConfiguration;
			buildSettings = {
				ASSETCATALOG_COMPILER_APPICON_NAME = AppIcon;
				INFOPLIST_FILE = RedditWallPaper/Info.plist;
				LD_RUNPATH_SEARCH_PATHS = "$(inherited) @executable_path/Frameworks";
				PRODUCT_BUNDLE_IDENTIFIER = com.ln.RedditWallPaper;
				PRODUCT_NAME = "$(TARGET_NAME)";
			};
			name = Release;
		};
		051FE18A1D7B4A7000B1C23A /* Debug */ = {
			isa = XCBuildConfiguration;
			buildSettings = {
				BUNDLE_LOADER = "$(TEST_HOST)";
				INFOPLIST_FILE = RedditWallPaperTests/Info.plist;
				LD_RUNPATH_SEARCH_PATHS = "$(inherited) @executable_path/Frameworks @loader_path/Frameworks";
				PRODUCT_BUNDLE_IDENTIFIER = com.ln.RedditWallPaperTests;
				PRODUCT_NAME = "$(TARGET_NAME)";
				TEST_HOST = "$(BUILT_PRODUCTS_DIR)/RedditWallPaper.app/RedditWallPaper";
			};
			name = Debug;
		};
		051FE18B1D7B4A7000B1C23A /* Release */ = {
			isa = XCBuildConfiguration;
			buildSettings = {
				BUNDLE_LOADER = "$(TEST_HOST)";
				INFOPLIST_FILE = RedditWallPaperTests/Info.plist;
				LD_RUNPATH_SEARCH_PATHS = "$(inherited) @executable_path/Frameworks @loader_path/Frameworks";
				PRODUCT_BUNDLE_IDENTIFIER = com.ln.RedditWallPaperTests;
				PRODUCT_NAME = "$(TARGET_NAME)";
				TEST_HOST = "$(BUILT_PRODUCTS_DIR)/RedditWallPaper.app/RedditWallPaper";
			};
			name = Release;
		};
		051FE18D1D7B4A7000B1C23A /* Debug */ = {
			isa = XCBuildConfiguration;
			buildSettings = {
				INFOPLIST_FILE = RedditWallPaperUITests/Info.plist;
				LD_RUNPATH_SEARCH_PATHS = "$(inherited) @executable_path/Frameworks @loader_path/Frameworks";
				PRODUCT_BUNDLE_IDENTIFIER = com.ln.RedditWallPaperUITests;
				PRODUCT_NAME = "$(TARGET_NAME)";
				TEST_TARGET_NAME = RedditWallPaper;
			};
			name = Debug;
		};
		051FE18E1D7B4A7000B1C23A /* Release */ = {
			isa = XCBuildConfiguration;
			buildSettings = {
				INFOPLIST_FILE = RedditWallPaperUITests/Info.plist;
				LD_RUNPATH_SEARCH_PATHS = "$(inherited) @executable_path/Frameworks @loader_path/Frameworks";
				PRODUCT_BUNDLE_IDENTIFIER = com.ln.RedditWallPaperUITests;
				PRODUCT_NAME = "$(TARGET_NAME)";
				TEST_TARGET_NAME = RedditWallPaper;
			};
			name = Release;
		};
/* End XCBuildConfiguration section */

/* Begin XCConfigurationList section */
		051FE1541D7B4A6F00B1C23A /* Build configuration list for PBXProject "RedditWallPaper" */ = {
			isa = XCConfigurationList;
			buildConfigurations = (
				051FE1841D7B4A7000B1C23A /* Debug */,
				051FE1851D7B4A7000B1C23A /* Release */,
			);
			defaultConfigurationIsVisible = 0;
			defaultConfigurationName = Release;
		};
		051FE1861D7B4A7000B1C23A /* Build configuration list for PBXNativeTarget "RedditWallPaper" */ = {
			isa = XCConfigurationList;
			buildConfigurations = (
				051FE1871D7B4A7000B1C23A /* Debug */,
				051FE1881D7B4A7000B1C23A /* Release */,
			);
			defaultConfigurationIsVisible = 0;
			defaultConfigurationName = Release;
		};
		051FE1891D7B4A7000B1C23A /* Build configuration list for PBXNativeTarget "RedditWallPaperTests" */ = {
			isa = XCConfigurationList;
			buildConfigurations = (
				051FE18A1D7B4A7000B1C23A /* Debug */,
				051FE18B1D7B4A7000B1C23A /* Release */,
			);
			defaultConfigurationIsVisible = 0;
			defaultConfigurationName = Release;
		};
		051FE18C1D7B4A7000B1C23A /* Build configuration list for PBXNativeTarget "RedditWallPaperUITests" */ = {
			isa = XCConfigurationList;
			buildConfigurations = (
				051FE18D1D7B4A7000B1C23A /* Debug */,
				051FE18E1D7B4A7000B1C23A /* Release */,
			);
			defaultConfigurationIsVisible = 0;
			defaultConfigurationName = Release;
		};
/* End XCConfigurationList section */
	};
	rootObject = 051FE1511D7B4A6F00B1C23A /* Project object */;
}
